
Microsoft Visual Studio Solution File, Format Version 12.00
# Visual Studio Version 16
VisualStudioVersion = 16.0.30114.105
MinimumVisualStudioVersion = 10.0.40219.1
Project("{FAE04EC0-301F-11D3-BF4B-00C04F79EFBC}") = "API", "API\API.csproj", "{B0A9E06C-BC22-4C5F-8DA7-1AB67DD2DF3B}"
EndProject
Project("{FAE04EC0-301F-11D3-BF4B-00C04F79EFBC}") = "Core", "Core\Core.csproj", "{6CB50C23-078B-4833-B818-D7E1F184B7D3}"
EndProject
Project("{FAE04EC0-301F-11D3-BF4B-00C04F79EFBC}") = "Infrastructure", "Infrastructure\Infrastructure.csproj", "{2846475C-43C2-4B82-853D-147413106F98}"
EndProject
Global
	GlobalSection(SolutionConfigurationPlatforms) = preSolution
		Debug|Any CPU = Debug|Any CPU
		Debug|x64 = Debug|x64
		Debug|x86 = Debug|x86
		Release|Any CPU = Release|Any CPU
		Release|x64 = Release|x64
		Release|x86 = Release|x86
	EndGlobalSection
	GlobalSection(SolutionProperties) = preSolution
		HideSolutionNode = FALSE
	EndGlobalSection
	GlobalSection(ProjectConfigurationPlatforms) = postSolution
		{B0A9E06C-BC22-4C5F-8DA7-1AB67DD2DF3B}.Debug|Any CPU.ActiveCfg = Debug|Any CPU
		{B0A9E06C-BC22-4C5F-8DA7-1AB67DD2DF3B}.Debug|Any CPU.Build.0 = Debug|Any CPU
		{B0A9E06C-BC22-4C5F-8DA7-1AB67DD2DF3B}.Debug|x64.ActiveCfg = Debug|Any CPU
		{B0A9E06C-BC22-4C5F-8DA7-1AB67DD2DF3B}.Debug|x64.Build.0 = Debug|Any CPU
		{B0A9E06C-BC22-4C5F-8DA7-1AB67DD2DF3B}.Debug|x86.ActiveCfg = Debug|Any CPU
		{B0A9E06C-BC22-4C5F-8DA7-1AB67DD2DF3B}.Debug|x86.Build.0 = Debug|Any CPU
		{B0A9E06C-BC22-4C5F-8DA7-1AB67DD2DF3B}.Release|Any CPU.ActiveCfg = Release|Any CPU
		{B0A9E06C-BC22-4C5F-8DA7-1AB67DD2DF3B}.Release|Any CPU.Build.0 = Release|Any CPU
		{B0A9E06C-BC22-4C5F-8DA7-1AB67DD2DF3B}.Release|x64.ActiveCfg = Release|Any CPU
		{B0A9E06C-BC22-4C5F-8DA7-1AB67DD2DF3B}.Release|x64.Build.0 = Release|Any CPU
		{B0A9E06C-BC22-4C5F-8DA7-1AB67DD2DF3B}.Release|x86.ActiveCfg = Release|Any CPU
		{B0A9E06C-BC22-4C5F-8DA7-1AB67DD2DF3B}.Release|x86.Build.0 = Release|Any CPU
		{6CB50C23-078B-4833-B818-D7E1F184B7D3}.Debug|Any CPU.ActiveCfg = Debug|Any CPU
		{6CB50C23-078B-4833-B818-D7E1F184B7D3}.Debug|Any CPU.Build.0 = Debug|Any CPU
		{6CB50C23-078B-4833-B818-D7E1F184B7D3}.Debug|x64.ActiveCfg = Debug|Any CPU
		{6CB50C23-078B-4833-B818-D7E1F184B7D3}.Debug|x64.Build.0 = Debug|Any CPU
		{6CB50C23-078B-4833-B818-D7E1F184B7D3}.Debug|x86.ActiveCfg = Debug|Any CPU
		{6CB50C23-078B-4833-B818-D7E1F184B7D3}.Debug|x86.Build.0 = Debug|Any CPU
		{6CB50C23-078B-4833-B818-D7E1F184B7D3}.Release|Any CPU.ActiveCfg = Release|Any CPU
		{6CB50C23-078B-4833-B818-D7E1F184B7D3}.Release|Any CPU.Build.0 = Release|Any CPU
		{6CB50C23-078B-4833-B818-D7E1F184B7D3}.Release|x64.ActiveCfg = Release|Any CPU
		{6CB50C23-078B-4833-B818-D7E1F184B7D3}.Release|x64.Build.0 = Release|Any CPU
		{6CB50C23-078B-4833-B818-D7E1F184B7D3}.Release|x86.ActiveCfg = Release|Any CPU
		{6CB50C23-078B-4833-B818-D7E1F184B7D3}.Release|x86.Build.0 = Release|Any CPU
		{2846475C-43C2-4B82-853D-147413106F98}.Debug|Any CPU.ActiveCfg = Debug|Any CPU
		{2846475C-43C2-4B82-853D-147413106F98}.Debug|Any CPU.Build.0 = Debug|Any CPU
		{2846475C-43C2-4B82-853D-147413106F98}.Debug|x64.ActiveCfg = Debug|Any CPU
		{2846475C-43C2-4B82-853D-147413106F98}.Debug|x64.Build.0 = Debug|Any CPU
		{2846475C-43C2-4B82-853D-147413106F98}.Debug|x86.ActiveCfg = Debug|Any CPU
		{2846475C-43C2-4B82-853D-147413106F98}.Debug|x86.Build.0 = Debug|Any CPU
		{2846475C-43C2-4B82-853D-147413106F98}.Release|Any CPU.ActiveCfg = Release|Any CPU
		{2846475C-43C2-4B82-853D-147413106F98}.Release|Any CPU.Build.0 = Release|Any CPU
		{2846475C-43C2-4B82-853D-147413106F98}.Release|x64.ActiveCfg = Release|Any CPU
		{2846475C-43C2-4B82-853D-147413106F98}.Release|x64.Build.0 = Release|Any CPU
		{2846475C-43C2-4B82-853D-147413106F98}.Release|x86.ActiveCfg = Release|Any CPU
		{2846475C-43C2-4B82-853D-147413106F98}.Release|x86.Build.0 = Release|Any CPU
	EndGlobalSection
EndGlobal
